
Microsoft Visual Studio Solution File, Format Version 12.00
# Visual Studio Version 17
VisualStudioVersion = 17.5.33530.505
MinimumVisualStudioVersion = 10.0.40219.1
Project("{9A19103F-16F7-4668-BE54-9A1E7A4F7556}") = "InvenTrack", "InvenTrack.csproj", "{907F1226-5459-41EE-8C17-B0C75ED0D429}"
EndProject
Global
	GlobalSection(SolutionConfigurationPlatforms) = preSolution
		Debug|Any CPU = Debug|Any CPU
		Release|Any CPU = Release|Any CPU
	EndGlobalSection
	GlobalSection(ProjectConfigurationPlatforms) = postSolution
		{907F1226-5459-41EE-8C17-B0C75ED0D429}.Debug|Any CPU.ActiveCfg = Release|Any CPU
		{907F1226-5459-41EE-8C17-B0C75ED0D429}.Debug|Any CPU.Build.0 = Release|Any CPU
		{907F1226-5459-41EE-8C17-B0C75ED0D429}.Release|Any CPU.ActiveCfg = Release|Any CPU
		{907F1226-5459-41EE-8C17-B0C75ED0D429}.Release|Any CPU.Build.0 = Release|Any CPU
	EndGlobalSection
	GlobalSection(SolutionProperties) = preSolution
		HideSolutionNode = FALSE
	EndGlobalSection
	GlobalSection(ExtensibilityGlobals) = postSolution
		SolutionGuid = {2B4C06DF-4852-486C-89A6-43B583110B30}
	EndGlobalSection
EndGlobal
